
Microsoft Visual Studio Solution File, Format Version 12.00
# Visual Studio Version 17
VisualStudioVersion = 17.3.32929.385
MinimumVisualStudioVersion = 10.0.40219.1
Project("{FAE04EC0-301F-11D3-BF4B-00C04F79EFBC}") = "Week9ETL", "Week9ETL.csproj", "{F8E3563B-16D2-4163-A218-260F0037F077}"
EndProject
Global
	GlobalSection(SolutionConfigurationPlatforms) = preSolution
		Debug|Any CPU = Debug|Any CPU
		Release|Any CPU = Release|Any CPU
	EndGlobalSection
	GlobalSection(ProjectConfigurationPlatforms) = postSolution
		{F8E3563B-16D2-4163-A218-260F0037F077}.Debug|Any CPU.ActiveCfg = Debug|Any CPU
		{F8E3563B-16D2-4163-A218-260F0037F077}.Debug|Any CPU.Build.0 = Debug|Any CPU
		{F8E3563B-16D2-4163-A218-260F0037F077}.Release|Any CPU.ActiveCfg = Release|Any CPU
		{F8E3563B-16D2-4163-A218-260F0037F077}.Release|Any CPU.Build.0 = Release|Any CPU
	EndGlobalSection
	GlobalSection(SolutionProperties) = preSolution
		HideSolutionNode = FALSE
	EndGlobalSection
	GlobalSection(ExtensibilityGlobals) = postSolution
		SolutionGuid = {C14292BD-5F65-4D1D-9808-F511B8221F6F}
	EndGlobalSection
EndGlobal
